
Microsoft Visual Studio Solution File, Format Version 12.00
# Visual Studio Version 17
VisualStudioVersion = 17.4.33213.308
MinimumVisualStudioVersion = 10.0.40219.1
Project("{FAE04EC0-301F-11D3-BF4B-00C04F79EFBC}") = "wisielec1", "wisielec1\wisielec1.csproj", "{60106F5A-92FD-48B2-A26C-729F176EA775}"
EndProject
Global
	GlobalSection(SolutionConfigurationPlatforms) = preSolution
		Debug|Any CPU = Debug|Any CPU
		Release|Any CPU = Release|Any CPU
	EndGlobalSection
	GlobalSection(ProjectConfigurationPlatforms) = postSolution
		{60106F5A-92FD-48B2-A26C-729F176EA775}.Debug|Any CPU.ActiveCfg = Debug|Any CPU
		{60106F5A-92FD-48B2-A26C-729F176EA775}.Debug|Any CPU.Build.0 = Debug|Any CPU
		{60106F5A-92FD-48B2-A26C-729F176EA775}.Release|Any CPU.ActiveCfg = Release|Any CPU
		{60106F5A-92FD-48B2-A26C-729F176EA775}.Release|Any CPU.Build.0 = Release|Any CPU
	EndGlobalSection
	GlobalSection(SolutionProperties) = preSolution
		HideSolutionNode = FALSE
	EndGlobalSection
	GlobalSection(ExtensibilityGlobals) = postSolution
		SolutionGuid = {C944BEF3-6606-4C4C-9187-AF95DA5BA223}
	EndGlobalSection
EndGlobal
